
Microsoft Visual Studio Solution File, Format Version 12.00
# Visual Studio 15
Project("{FAE04EC0-301F-11D3-BF4B-00C04F79EFBC}") = "Assembly-CSharp", "Assembly-CSharp.csproj", "{B00F167B-657B-4CAE-8E93-1F17F711B582}"
EndProject
Project("{FAE04EC0-301F-11D3-BF4B-00C04F79EFBC}") = "Assembly-CSharp-Editor", "Assembly-CSharp-Editor.csproj", "{BBFC794C-8C79-388F-F590-A00EC2E11701}"
EndProject
Global
	GlobalSection(SolutionConfigurationPlatforms) = preSolution
		Debug|Any CPU = Debug|Any CPU
		Release|Any CPU = Release|Any CPU
	EndGlobalSection
	GlobalSection(ProjectConfigurationPlatforms) = postSolution
		{B00F167B-657B-4CAE-8E93-1F17F711B582}.Debug|Any CPU.ActiveCfg = Debug|Any CPU
		{B00F167B-657B-4CAE-8E93-1F17F711B582}.Debug|Any CPU.Build.0 = Debug|Any CPU
		{B00F167B-657B-4CAE-8E93-1F17F711B582}.Release|Any CPU.ActiveCfg = Release|Any CPU
		{B00F167B-657B-4CAE-8E93-1F17F711B582}.Release|Any CPU.Build.0 = Release|Any CPU
		{BBFC794C-8C79-388F-F590-A00EC2E11701}.Debug|Any CPU.ActiveCfg = Debug|Any CPU
		{BBFC794C-8C79-388F-F590-A00EC2E11701}.Debug|Any CPU.Build.0 = Debug|Any CPU
		{BBFC794C-8C79-388F-F590-A00EC2E11701}.Release|Any CPU.ActiveCfg = Release|Any CPU
		{BBFC794C-8C79-388F-F590-A00EC2E11701}.Release|Any CPU.Build.0 = Release|Any CPU
	EndGlobalSection
	GlobalSection(SolutionProperties) = preSolution
		HideSolutionNode = FALSE
	EndGlobalSection
EndGlobal
